
Microsoft Visual Studio Solution File, Format Version 12.00
# Visual Studio Version 16
VisualStudioVersion = 16.0.29123.88
MinimumVisualStudioVersion = 10.0.40219.1
Project("{FAE04EC0-301F-11D3-BF4B-00C04F79EFBC}") = "JAPI.App", "JAPI.App\JAPI.App.csproj", "{C9A68C0B-BF66-4F15-BF57-D45A43D9DD72}"
EndProject
Project("{FAE04EC0-301F-11D3-BF4B-00C04F79EFBC}") = "JAPI.UnitTests", "JAPI.UnitTests\JAPI.UnitTests.csproj", "{54AB7406-561B-4A40-B45C-74BFF497FAE3}"
EndProject
Project("{FAE04EC0-301F-11D3-BF4B-00C04F79EFBC}") = "JAPI.Repo", "JAPI.Repo\JAPI.Repo.csproj", "{A3C991F8-C90B-4189-9EDC-3CC19356D303}"
EndProject
Project("{FAE04EC0-301F-11D3-BF4B-00C04F79EFBC}") = "JAPI.API", "JAPI.API\JAPI.API.csproj", "{DB0741E0-AA50-4254-861F-FC6CCD36C0D8}"
EndProject
Global
	GlobalSection(SolutionConfigurationPlatforms) = preSolution
		Debug|Any CPU = Debug|Any CPU
		Release|Any CPU = Release|Any CPU
	EndGlobalSection
	GlobalSection(ProjectConfigurationPlatforms) = postSolution
		{C9A68C0B-BF66-4F15-BF57-D45A43D9DD72}.Debug|Any CPU.ActiveCfg = Debug|Any CPU
		{C9A68C0B-BF66-4F15-BF57-D45A43D9DD72}.Debug|Any CPU.Build.0 = Debug|Any CPU
		{C9A68C0B-BF66-4F15-BF57-D45A43D9DD72}.Release|Any CPU.ActiveCfg = Release|Any CPU
		{C9A68C0B-BF66-4F15-BF57-D45A43D9DD72}.Release|Any CPU.Build.0 = Release|Any CPU
		{54AB7406-561B-4A40-B45C-74BFF497FAE3}.Debug|Any CPU.ActiveCfg = Debug|Any CPU
		{54AB7406-561B-4A40-B45C-74BFF497FAE3}.Debug|Any CPU.Build.0 = Debug|Any CPU
		{54AB7406-561B-4A40-B45C-74BFF497FAE3}.Release|Any CPU.ActiveCfg = Release|Any CPU
		{54AB7406-561B-4A40-B45C-74BFF497FAE3}.Release|Any CPU.Build.0 = Release|Any CPU
		{A3C991F8-C90B-4189-9EDC-3CC19356D303}.Debug|Any CPU.ActiveCfg = Debug|Any CPU
		{A3C991F8-C90B-4189-9EDC-3CC19356D303}.Debug|Any CPU.Build.0 = Debug|Any CPU
		{A3C991F8-C90B-4189-9EDC-3CC19356D303}.Release|Any CPU.ActiveCfg = Release|Any CPU
		{A3C991F8-C90B-4189-9EDC-3CC19356D303}.Release|Any CPU.Build.0 = Release|Any CPU
		{DB0741E0-AA50-4254-861F-FC6CCD36C0D8}.Debug|Any CPU.ActiveCfg = Debug|Any CPU
		{DB0741E0-AA50-4254-861F-FC6CCD36C0D8}.Debug|Any CPU.Build.0 = Debug|Any CPU
		{DB0741E0-AA50-4254-861F-FC6CCD36C0D8}.Release|Any CPU.ActiveCfg = Release|Any CPU
		{DB0741E0-AA50-4254-861F-FC6CCD36C0D8}.Release|Any CPU.Build.0 = Release|Any CPU
	EndGlobalSection
	GlobalSection(SolutionProperties) = preSolution
		HideSolutionNode = FALSE
	EndGlobalSection
	GlobalSection(ExtensibilityGlobals) = postSolution
		SolutionGuid = {12C75ACD-CB9D-4A56-BB23-897FEF3640BB}
	EndGlobalSection
EndGlobal
